
Microsoft Visual Studio Solution File, Format Version 12.00
# Visual Studio Version 16
VisualStudioVersion = 16.0.29806.167
MinimumVisualStudioVersion = 10.0.40219.1
Project("{FAE04EC0-301F-11D3-BF4B-00C04F79EFBC}") = "task6", "task6\task6.csproj", "{B7DDBAE0-B9CA-47BB-8B16-88113270BACB}"
EndProject
Global
	GlobalSection(SolutionConfigurationPlatforms) = preSolution
		Debug|Any CPU = Debug|Any CPU
		Release|Any CPU = Release|Any CPU
	EndGlobalSection
	GlobalSection(ProjectConfigurationPlatforms) = postSolution
		{B7DDBAE0-B9CA-47BB-8B16-88113270BACB}.Debug|Any CPU.ActiveCfg = Debug|Any CPU
		{B7DDBAE0-B9CA-47BB-8B16-88113270BACB}.Debug|Any CPU.Build.0 = Debug|Any CPU
		{B7DDBAE0-B9CA-47BB-8B16-88113270BACB}.Release|Any CPU.ActiveCfg = Release|Any CPU
		{B7DDBAE0-B9CA-47BB-8B16-88113270BACB}.Release|Any CPU.Build.0 = Release|Any CPU
	EndGlobalSection
	GlobalSection(SolutionProperties) = preSolution
		HideSolutionNode = FALSE
	EndGlobalSection
	GlobalSection(ExtensibilityGlobals) = postSolution
		SolutionGuid = {255DBF5C-FD43-44A5-8DFC-03F229D5EE19}
	EndGlobalSection
EndGlobal
