
Microsoft Visual Studio Solution File, Format Version 12.00
# Visual Studio Version 16
VisualStudioVersion = 16.0.29806.167
MinimumVisualStudioVersion = 10.0.40219.1
Project("{FAE04EC0-301F-11D3-BF4B-00C04F79EFBC}") = "ConsoleApp1", "ConsoleApp1\ConsoleApp1.csproj", "{045241F7-782B-4F04-8957-91E62406EEB5}"
EndProject
Global
	GlobalSection(SolutionConfigurationPlatforms) = preSolution
		Debug|Any CPU = Debug|Any CPU
		Release|Any CPU = Release|Any CPU
	EndGlobalSection
	GlobalSection(ProjectConfigurationPlatforms) = postSolution
		{045241F7-782B-4F04-8957-91E62406EEB5}.Debug|Any CPU.ActiveCfg = Debug|Any CPU
		{045241F7-782B-4F04-8957-91E62406EEB5}.Debug|Any CPU.Build.0 = Debug|Any CPU
		{045241F7-782B-4F04-8957-91E62406EEB5}.Release|Any CPU.ActiveCfg = Release|Any CPU
		{045241F7-782B-4F04-8957-91E62406EEB5}.Release|Any CPU.Build.0 = Release|Any CPU
	EndGlobalSection
	GlobalSection(SolutionProperties) = preSolution
		HideSolutionNode = FALSE
	EndGlobalSection
	GlobalSection(ExtensibilityGlobals) = postSolution
		SolutionGuid = {DB83117C-74DD-4DA7-8D60-E8605E258925}
	EndGlobalSection
EndGlobal
